{"1.2.0",
[{<<"aeserialization">>,
  {git,"https://github.com/aeternity/aeserialization.git",
       {ref,"58e34ae7b5abfcc54f505ea8d57183d04f67120e"}},
  0},
 {<<"base58">>,
  {git,"https://github.com/aeternity/erl-base58.git",
       {ref,"60a335668a60328a29f9731b67c4a0e9e3d50ab6"}},
  1},
 {<<"cowboy">>,
  {git,"https://github.com/ninenines/cowboy.git",
       {ref,"8d49ae3dda5b4274e55d2f4e5a5b4da0515b5a10"}},
  0},
 {<<"cowlib">>,
  {git,"https://github.com/ninenines/cowlib",
       {ref,"3ef5b48a028bb66f82b452c98ae515903096641c"}},
  1},
 {<<"eaex10">>,
  {git,"https://github.com/aeternity/eaex10.git",
       {ref,"958046a45ffd75265446553f41ca1ccb66ce5f0c"}},
  0},
 {<<"ebip39">>,
  {git,"https://github.com/aeternity/ebip39.git",
       {ref,"75203401b39aeba45f20b7128f84eeda6a2a4ab6"}},
  0},
 {<<"ec_utils">>,
  {git,"https://github.com/hanssv/ec_utils.git",
       {ref,"e557b1c40540a5fba66647ede304179949d9e96c"}},
  1},
 {<<"enacl">>,
  {git,"https://github.com/aeternity/enacl.git",
       {ref,"26180f42c0b3a450905d2efd8bc7fd5fd9cece75"}},
  1},
 {<<"epbkdf2">>,
  {git,"https://github.com/aeternity/epbkdf2",
       {ref,"38a2c730fdbe250f0adf198ea4bd24352dd5b223"}},
  1},
 {<<"goldrush">>,{pkg,<<"goldrush">>,<<"0.1.9">>},1},
 {<<"hex2bin">>,{pkg,<<"hex2bin">>,<<"1.0.0">>},2},
 {<<"jsx">>,
  {git,"https://github.com/talentdeficit/jsx.git",
       {ref,"3074d4865b3385a050badf7828ad31490d860df5"}},
  0},
 {<<"lager">>,
  {git,"https://github.com/erlang-lager/lager.git",
       {ref,"a2f6e4175fd2b51c5838e259e3290df55e63b39d"}},
  0},
 {<<"ranch">>,
  {git,"https://github.com/ninenines/ranch",
       {ref,"55c2a9d623454f372a15e99721a37093d8773b48"}},
  1},
 {<<"setup">>,
  {git,"https://github.com/uwiger/setup.git",
       {ref,"52de0d49e219f553e3202766e09a135c458dbf1d"}},
  0},
 {<<"sha3">>,
  {git,"https://github.com/aeternity/erlang-sha3",
       {ref,"b5f27a29ba1179e5907c50d7ec7aa79b2857e981"}},
  1}]}.
[
{pkg_hash,[
 {<<"goldrush">>, <<"F06E5D5F1277DA5C413E84D5A2924174182FB108DABB39D5EC548B27424CD106">>},
 {<<"hex2bin">>, <<"AAC26EAB998AE80EACEE1C7607C629AB503EBF77A62B9242BAE2B94D47DCB71E">>}]},
{pkg_hash_ext,[
 {<<"goldrush">>, <<"99CB4128CFFCB3227581E5D4D803D5413FA643F4EB96523F77D9E6937D994CEB">>},
 {<<"hex2bin">>, <<"E7012D1D9AADD26E680F0983D26FB8923707F05FAC9688F19F530FA3795E716F">>}]}
].
